{
  "originHash" : "2d959f39067cfb45164721c925d7eb56865ad09887ee4436ee99a1bfa89ba25d",
  "pins" : [
    {
      "identity" : "grdb.swift",
      "kind" : "remoteSourceControl",
      "location" : "https://github.com/groue/GRDB.swift",
      "state" : {
        "revision" : "a5a1be26b4513dc7ec360eb56bc08a345bac6649",
        "version" : "7.5.0"
      }
    },
    {
      "identity" : "swinject",
      "kind" : "remoteSourceControl",
      "location" : "https://github.com/Swinject/Swinject.git",
      "state" : {
        "revision" : "b1d92a53159fe45e162c307183aec9be15e4e7ae",
        "version" : "2.8.0"
      }
    }
  ],
  "version" : 3
}
