// !$*UTF8*$!
{
	archiveVersion = 1;
	classes = {
	};
	objectVersion = 77;
	objects = {

/* Begin PBXBuildFile section */
		B125C10E2DEEC46300C9C755 /* GRDB in Frameworks */ = {isa = PBXBuildFile; productRef = B125C10D2DEEC46300C9C755 /* GRDB */; };
		B1ABE9D62E4E34C2000F8D7C /* Factory in Frameworks */ = {isa = PBXBuildFile; productRef = B1ABE9D52E4E34C2000F8D7C /* Factory */; };
		B1B8333C2E954B270005F815 /* FSCalendar in Frameworks */ = {isa = PBXBuildFile; productRef = B1B8333B2E954B270005F815 /* FSCalendar */; };
		B1B84CCB2E64A3F3002F8CE8 /* FlexLayout in Frameworks */ = {isa = PBXBuildFile; productRef = B1B84CCA2E64A3F3002F8CE8 /* FlexLayout */; };
		B1B84CCE2E64A418002F8CE8 /* PinLayout in Frameworks */ = {isa = PBXBuildFile; productRef = B1B84CCD2E64A418002F8CE8 /* PinLayout */; };
/* End PBXBuildFile section */

/* Begin PBXContainerItemProxy section */
		B125C0CD2DEEC1E600C9C755 /* PBXContainerItemProxy */ = {
			isa = PBXContainerItemProxy;
			containerPortal = B125C0AE2DEEC1E300C9C755 /* Project object */;
			proxyType = 1;
			remoteGlobalIDString = B125C0B52DEEC1E300C9C755;
			remoteInfo = SolSol;
		};
		B125C0D72DEEC1E600C9C755 /* PBXContainerItemProxy */ = {
			isa = PBXContainerItemProxy;
			containerPortal = B125C0AE2DEEC1E300C9C755 /* Project object */;
			proxyType = 1;
			remoteGlobalIDString = B125C0B52DEEC1E300C9C755;
			remoteInfo = SolSol;
		};
/* End PBXContainerItemProxy section */

/* Begin PBXFileReference section */
		B125C0B62DEEC1E300C9C755 /* SolSol.app */ = {isa = PBXFileReference; explicitFileType = wrapper.application; includeInIndex = 0; path = SolSol.app; sourceTree = BUILT_PRODUCTS_DIR; };
		B125C0CC2DEEC1E600C9C755 /* SolSolTests.xctest */ = {isa = PBXFileReference; explicitFileType = wrapper.cfbundle; includeInIndex = 0; path = SolSolTests.xctest; sourceTree = BUILT_PRODUCTS_DIR; };
		B125C0D62DEEC1E600C9C755 /* SolSolUITests.xctest */ = {isa = PBXFileReference; explicitFileType = wrapper.cfbundle; includeInIndex = 0; path = SolSolUITests.xctest; sourceTree = BUILT_PRODUCTS_DIR; };
/* End PBXFileReference section */

/* Begin PBXFileSystemSynchronizedBuildFileExceptionSet section */
		B125C0DE2DEEC1E600C9C755 /* Exceptions for "SolSol" folder in "SolSol" target */ = {
			isa = PBXFileSystemSynchronizedBuildFileExceptionSet;
			membershipExceptions = (
				App/Resources/Info.plist,
			);
			target = B125C0B52DEEC1E300C9C755 /* SolSol */;
		};
/* End PBXFileSystemSynchronizedBuildFileExceptionSet section */

/* Begin PBXFileSystemSynchronizedRootGroup section */
		B125C0B82DEEC1E300C9C755 /* SolSol */ = {
			isa = PBXFileSystemSynchronizedRootGroup;
			exceptions = (
				B125C0DE2DEEC1E600C9C755 /* Exceptions for "SolSol" folder in "SolSol" target */,
			);
			path = SolSol;
			sourceTree = "<group>";
		};
		B125C0CF2DEEC1E600C9C755 /* SolSolTests */ = {
			isa = PBXFileSystemSynchronizedRootGroup;
			path = SolSolTests;
			sourceTree = "<group>";
		};
		B125C0D92DEEC1E600C9C755 /* SolSolUITests */ = {
			isa = PBXFileSystemSynchronizedRootGroup;
			path = SolSolUITests;
			sourceTree = "<group>";
		};
/* End PBXFileSystemSynchronizedRootGroup section */

/* Begin PBXFrameworksBuildPhase section */
		B125C0B32DEEC1E300C9C755 /* Frameworks */ = {
			isa = PBXFrameworksBuildPhase;
			buildActionMask = 2147483647;
			files = (
				B1B84CCB2E64A3F3002F8CE8 /* FlexLayout in Frameworks */,
				B125C10E2DEEC46300C9C755 /* GRDB in Frameworks */,
				B1B84CCE2E64A418002F8CE8 /* PinLayout in Frameworks */,
				B1B8333C2E954B270005F815 /* FSCalendar in Frameworks */,
				B1ABE9D62E4E34C2000F8D7C /* Factory in Frameworks */,
			);
			runOnlyForDeploymentPostprocessing = 0;
		};
		B125C0C92DEEC1E600C9C755 /* Frameworks */ = {
			isa = PBXFrameworksBuildPhase;
			buildActionMask = 2147483647;
			files = (
			);
			runOnlyForDeploymentPostprocessing = 0;
		};
		B125C0D32DEEC1E600C9C755 /* Frameworks */ = {
			isa = PBXFrameworksBuildPhase;
			buildActionMask = 2147483647;
			files = (
			);
			runOnlyForDeploymentPostprocessing = 0;
		};
/* End PBXFrameworksBuildPhase section */

/* Begin PBXGroup section */
		B125C0AD2DEEC1E300C9C755 = {
			isa = PBXGroup;
			children = (
				B125C0B82DEEC1E300C9C755 /* SolSol */,
				B125C0CF2DEEC1E600C9C755 /* SolSolTests */,
				B125C0D92DEEC1E600C9C755 /* SolSolUITests */,
				B125C0B72DEEC1E300C9C755 /* Products */,
			);
			sourceTree = "<group>";
		};
		B125C0B72DEEC1E300C9C755 /* Products */ = {
			isa = PBXGroup;
			children = (
				B125C0B62DEEC1E300C9C755 /* SolSol.app */,
				B125C0CC2DEEC1E600C9C755 /* SolSolTests.xctest */,
				B125C0D62DEEC1E600C9C755 /* SolSolUITests.xctest */,
			);
			name = Products;
			sourceTree = "<group>";
		};
/* End PBXGroup section */

/* Begin PBXNativeTarget section */
		B125C0B52DEEC1E300C9C755 /* SolSol */ = {
			isa = PBXNativeTarget;
			buildConfigurationList = B125C0DF2DEEC1E600C9C755 /* Build configuration list for PBXNativeTarget "SolSol" */;
			buildPhases = (
				B125C0B22DEEC1E300C9C755 /* Sources */,
				B125C0B32DEEC1E300C9C755 /* Frameworks */,
				B125C0B42DEEC1E300C9C755 /* Resources */,
			);
			buildRules = (
			);
			dependencies = (
			);
			fileSystemSynchronizedGroups = (
				B125C0B82DEEC1E300C9C755 /* SolSol */,
			);
			name = SolSol;
			packageProductDependencies = (
				B125C10D2DEEC46300C9C755 /* GRDB */,
				B1ABE9D52E4E34C2000F8D7C /* Factory */,
				B1B84CCA2E64A3F3002F8CE8 /* FlexLayout */,
				B1B84CCD2E64A418002F8CE8 /* PinLayout */,
				B1B8333B2E954B270005F815 /* FSCalendar */,
			);
			productName = SolSol;
			productReference = B125C0B62DEEC1E300C9C755 /* SolSol.app */;
			productType = "com.apple.product-type.application";
		};
		B125C0CB2DEEC1E600C9C755 /* SolSolTests */ = {
			isa = PBXNativeTarget;
			buildConfigurationList = B125C0E42DEEC1E600C9C755 /* Build configuration list for PBXNativeTarget "SolSolTests" */;
			buildPhases = (
				B125C0C82DEEC1E600C9C755 /* Sources */,
				B125C0C92DEEC1E600C9C755 /* Frameworks */,
				B125C0CA2DEEC1E600C9C755 /* Resources */,
			);
			buildRules = (
			);
			dependencies = (
				B125C0CE2DEEC1E600C9C755 /* PBXTargetDependency */,
			);
			fileSystemSynchronizedGroups = (
				B125C0CF2DEEC1E600C9C755 /* SolSolTests */,
			);
			name = SolSolTests;
			packageProductDependencies = (
			);
			productName = SolSolTests;
			productReference = B125C0CC2DEEC1E600C9C755 /* SolSolTests.xctest */;
			productType = "com.apple.product-type.bundle.unit-test";
		};
		B125C0D52DEEC1E600C9C755 /* SolSolUITests */ = {
			isa = PBXNativeTarget;
			buildConfigurationList = B125C0E72DEEC1E600C9C755 /* Build configuration list for PBXNativeTarget "SolSolUITests" */;
			buildPhases = (
				B125C0D22DEEC1E600C9C755 /* Sources */,
				B125C0D32DEEC1E600C9C755 /* Frameworks */,
				B125C0D42DEEC1E600C9C755 /* Resources */,
			);
			buildRules = (
			);
			dependencies = (
				B125C0D82DEEC1E600C9C755 /* PBXTargetDependency */,
			);
			fileSystemSynchronizedGroups = (
				B125C0D92DEEC1E600C9C755 /* SolSolUITests */,
			);
			name = SolSolUITests;
			packageProductDependencies = (
			);
			productName = SolSolUITests;
			productReference = B125C0D62DEEC1E600C9C755 /* SolSolUITests.xctest */;
			productType = "com.apple.product-type.bundle.ui-testing";
		};
/* End PBXNativeTarget section */

/* Begin PBXProject section */
		B125C0AE2DEEC1E300C9C755 /* Project object */ = {
			isa = PBXProject;
			attributes = {
				BuildIndependentTargetsInParallel = 1;
				LastSwiftUpdateCheck = 1640;
				LastUpgradeCheck = 1640;
				TargetAttributes = {
					B125C0B52DEEC1E300C9C755 = {
						CreatedOnToolsVersion = 16.4;
					};
					B125C0CB2DEEC1E600C9C755 = {
						CreatedOnToolsVersion = 16.4;
						TestTargetID = B125C0B52DEEC1E300C9C755;
					};
					B125C0D52DEEC1E600C9C755 = {
						CreatedOnToolsVersion = 16.4;
						TestTargetID = B125C0B52DEEC1E300C9C755;
					};
				};
			};
			buildConfigurationList = B125C0B12DEEC1E300C9C755 /* Build configuration list for PBXProject "SolSol" */;
			developmentRegion = en;
			hasScannedForEncodings = 0;
			knownRegions = (
				en,
				Base,
				ko,
			);
			mainGroup = B125C0AD2DEEC1E300C9C755;
			minimizedProjectReferenceProxies = 1;
			packageReferences = (
				B125C10C2DEEC46300C9C755 /* XCRemoteSwiftPackageReference "GRDB" */,
				B1ABE9D42E4E34C2000F8D7C /* XCRemoteSwiftPackageReference "Factory" */,
				B1B84CC92E64A3F3002F8CE8 /* XCRemoteSwiftPackageReference "FlexLayout" */,
				B1B84CCC2E64A418002F8CE8 /* XCRemoteSwiftPackageReference "PinLayout" */,
				B1B8333A2E954B270005F815 /* XCRemoteSwiftPackageReference "FSCalendar" */,
			);
			preferredProjectObjectVersion = 77;
			productRefGroup = B125C0B72DEEC1E300C9C755 /* Products */;
			projectDirPath = "";
			projectRoot = "";
			targets = (
				B125C0B52DEEC1E300C9C755 /* SolSol */,
				B125C0CB2DEEC1E600C9C755 /* SolSolTests */,
				B125C0D52DEEC1E600C9C755 /* SolSolUITests */,
			);
		};
/* End PBXProject section */

/* Begin PBXResourcesBuildPhase section */
		B125C0B42DEEC1E300C9C755 /* Resources */ = {
			isa = PBXResourcesBuildPhase;
			buildActionMask = 2147483647;
			files = (
			);
			runOnlyForDeploymentPostprocessing = 0;
		};
		B125C0CA2DEEC1E600C9C755 /* Resources */ = {
			isa = PBXResourcesBuildPhase;
			buildActionMask = 2147483647;
			files = (
			);
			runOnlyForDeploymentPostprocessing = 0;
		};
		B125C0D42DEEC1E600C9C755 /* Resources */ = {
			isa = PBXResourcesBuildPhase;
			buildActionMask = 2147483647;
			files = (
			);
			runOnlyForDeploymentPostprocessing = 0;
		};
/* End PBXResourcesBuildPhase section */

/* Begin PBXSourcesBuildPhase section */
		B125C0B22DEEC1E300C9C755 /* Sources */ = {
			isa = PBXSourcesBuildPhase;
			buildActionMask = 2147483647;
			files = (
			);
			runOnlyForDeploymentPostprocessing = 0;
		};
		B125C0C82DEEC1E600C9C755 /* Sources */ = {
			isa = PBXSourcesBuildPhase;
			buildActionMask = 2147483647;
			files = (
			);
			runOnlyForDeploymentPostprocessing = 0;
		};
		B125C0D22DEEC1E600C9C755 /* Sources */ = {
			isa = PBXSourcesBuildPhase;
			buildActionMask = 2147483647;
			files = (
			);
			runOnlyForDeploymentPostprocessing = 0;
		};
/* End PBXSourcesBuildPhase section */

/* Begin PBXTargetDependency section */
		B125C0CE2DEEC1E600C9C755 /* PBXTargetDependency */ = {
			isa = PBXTargetDependency;
			target = B125C0B52DEEC1E300C9C755 /* SolSol */;
			targetProxy = B125C0CD2DEEC1E600C9C755 /* PBXContainerItemProxy */;
		};
		B125C0D82DEEC1E600C9C755 /* PBXTargetDependency */ = {
			isa = PBXTargetDependency;
			target = B125C0B52DEEC1E300C9C755 /* SolSol */;
			targetProxy = B125C0D72DEEC1E600C9C755 /* PBXContainerItemProxy */;
		};
/* End PBXTargetDependency section */

/* Begin XCBuildConfiguration section */
		B125C0E02DEEC1E600C9C755 /* Debug */ = {
			isa = XCBuildConfiguration;
			buildSettings = {
				ASSETCATALOG_COMPILER_APPICON_NAME = AppIcon;
				ASSETCATALOG_COMPILER_GLOBAL_ACCENT_COLOR_NAME = AccentColor;
				CODE_SIGN_STYLE = Automatic;
				CURRENT_PROJECT_VERSION = 1;
				DEVELOPMENT_TEAM = 9Q2ZLM39JN;
				GENERATE_INFOPLIST_FILE = YES;
				INFOPLIST_FILE = SolSol/App/Resources/Info.plist;
				INFOPLIST_KEY_CFBundleDisplayName = "쏠쏠";
				INFOPLIST_KEY_LSApplicationCategoryType = "public.app-category.lifestyle";
				INFOPLIST_KEY_UIApplicationSupportsIndirectInputEvents = YES;
				INFOPLIST_KEY_UILaunchStoryboardName = LaunchScreen;
				INFOPLIST_KEY_UIMainStoryboardFile = Main;
				INFOPLIST_KEY_UISupportedInterfaceOrientations = UIInterfaceOrientationPortrait;
				INFOPLIST_KEY_UISupportedInterfaceOrientations_iPad = "UIInterfaceOrientationLandscapeLeft UIInterfaceOrientationLandscapeRight UIInterfaceOrientationPortrait UIInterfaceOrientationPortraitUpsideDown";
				IPHONEOS_DEPLOYMENT_TARGET = 18.6;
				LD_RUNPATH_SEARCH_PATHS = (
					"$(inherited)",
					"@executable_path/Frameworks",
				);
				MARKETING_VERSION = 0.0.01;
				PRODUCT_BUNDLE_IDENTIFIER = team.nunu.myapp.SolSol;
				PRODUCT_NAME = "$(TARGET_NAME)";
				STRING_CATALOG_GENERATE_SYMBOLS = YES;
				SWIFT_EMIT_LOC_STRINGS = YES;
				SWIFT_VERSION = 5.0;
				TARGETED_DEVICE_FAMILY = "1,2";
			};
			name = Debug;
		};
		B125C0E12DEEC1E600C9C755 /* Release */ = {
			isa = XCBuildConfiguration;
			buildSettings = {
				ASSETCATALOG_COMPILER_APPICON_NAME = AppIcon;
				ASSETCATALOG_COMPILER_GLOBAL_ACCENT_COLOR_NAME = AccentColor;
				CODE_SIGN_STYLE = Automatic;
				CURRENT_PROJECT_VERSION = 1;
				DEVELOPMENT_TEAM = 9Q2ZLM39JN;
				GENERATE_INFOPLIST_FILE = YES;
				INFOPLIST_FILE = SolSol/App/Resources/Info.plist;
				INFOPLIST_KEY_CFBundleDisplayName = "쏠쏠";
				INFOPLIST_KEY_LSApplicationCategoryType = "public.app-category.lifestyle";
				INFOPLIST_KEY_UIApplicationSupportsIndirectInputEvents = YES;
				INFOPLIST_KEY_UILaunchStoryboardName = LaunchScreen;
				INFOPLIST_KEY_UIMainStoryboardFile = Main;
				INFOPLIST_KEY_UISupportedInterfaceOrientations = UIInterfaceOrientationPortrait;
				INFOPLIST_KEY_UISupportedInterfaceOrientations_iPad = "UIInterfaceOrientationLandscapeLeft UIInterfaceOrientationLandscapeRight UIInterfaceOrientationPortrait UIInterfaceOrientationPortraitUpsideDown";
				IPHONEOS_DEPLOYMENT_TARGET = 18.6;
				LD_RUNPATH_SEARCH_PATHS = (
					"$(inherited)",
					"@executable_path/Frameworks",
				);
				MARKETING_VERSION = 0.0.01;
				PRODUCT_BUNDLE_IDENTIFIER = team.nunu.myapp.SolSol;
				PRODUCT_NAME = "$(TARGET_NAME)";
				STRING_CATALOG_GENERATE_SYMBOLS = YES;
				SWIFT_EMIT_LOC_STRINGS = YES;
				SWIFT_VERSION = 5.0;
				TARGETED_DEVICE_FAMILY = "1,2";
			};
			name = Release;
		};
		B125C0E22DEEC1E600C9C755 /* Debug */ = {
			isa = XCBuildConfiguration;
			buildSettings = {
				ALWAYS_SEARCH_USER_PATHS = NO;
				ASSETCATALOG_COMPILER_GENERATE_SWIFT_ASSET_SYMBOL_EXTENSIONS = YES;
				CLANG_ANALYZER_NONNULL = YES;
				CLANG_ANALYZER_NUMBER_OBJECT_CONVERSION = YES_AGGRESSIVE;
				CLANG_CXX_LANGUAGE_STANDARD = "gnu++20";
				CLANG_ENABLE_MODULES = YES;
				CLANG_ENABLE_OBJC_ARC = YES;
				CLANG_ENABLE_OBJC_WEAK = YES;
				CLANG_WARN_BLOCK_CAPTURE_AUTORELEASING = YES;
				CLANG_WARN_BOOL_CONVERSION = YES;
				CLANG_WARN_COMMA = YES;
				CLANG_WARN_CONSTANT_CONVERSION = YES;
				CLANG_WARN_DEPRECATED_OBJC_IMPLEMENTATIONS = YES;
				CLANG_WARN_DIRECT_OBJC_ISA_USAGE = YES_ERROR;
				CLANG_WARN_DOCUMENTATION_COMMENTS = YES;
				CLANG_WARN_EMPTY_BODY = YES;
				CLANG_WARN_ENUM_CONVERSION = YES;
				CLANG_WARN_INFINITE_RECURSION = YES;
				CLANG_WARN_INT_CONVERSION = YES;
				CLANG_WARN_NON_LITERAL_NULL_CONVERSION = YES;
				CLANG_WARN_OBJC_IMPLICIT_RETAIN_SELF = YES;
				CLANG_WARN_OBJC_LITERAL_CONVERSION = YES;
				CLANG_WARN_OBJC_ROOT_CLASS = YES_ERROR;
				CLANG_WARN_QUOTED_INCLUDE_IN_FRAMEWORK_HEADER = YES;
				CLANG_WARN_RANGE_LOOP_ANALYSIS = YES;
				CLANG_WARN_STRICT_PROTOTYPES = YES;
				CLANG_WARN_SUSPICIOUS_MOVE = YES;
				CLANG_WARN_UNGUARDED_AVAILABILITY = YES_AGGRESSIVE;
				CLANG_WARN_UNREACHABLE_CODE = YES;
				CLANG_WARN__DUPLICATE_METHOD_MATCH = YES;
				COPY_PHASE_STRIP = NO;
				DEBUG_INFORMATION_FORMAT = dwarf;
				DEVELOPMENT_TEAM = 9Q2ZLM39JN;
				ENABLE_STRICT_OBJC_MSGSEND = YES;
				ENABLE_TESTABILITY = YES;
				ENABLE_USER_SCRIPT_SANDBOXING = YES;
				GCC_C_LANGUAGE_STANDARD = gnu17;
				GCC_DYNAMIC_NO_PIC = NO;
				GCC_NO_COMMON_BLOCKS = YES;
				GCC_OPTIMIZATION_LEVEL = 0;
				GCC_PREPROCESSOR_DEFINITIONS = (
					"DEBUG=1",
					"$(inherited)",
				);
				GCC_WARN_64_TO_32_BIT_CONVERSION = YES;
				GCC_WARN_ABOUT_RETURN_TYPE = YES_ERROR;
				GCC_WARN_UNDECLARED_SELECTOR = YES;
				GCC_WARN_UNINITIALIZED_AUTOS = YES_AGGRESSIVE;
				GCC_WARN_UNUSED_FUNCTION = YES;
				GCC_WARN_UNUSED_VARIABLE = YES;
				IPHONEOS_DEPLOYMENT_TARGET = 18.5;
				LOCALIZATION_PREFERS_STRING_CATALOGS = YES;
				MTL_ENABLE_DEBUG_INFO = INCLUDE_SOURCE;
				MTL_FAST_MATH = YES;
				ONLY_ACTIVE_ARCH = YES;
				SDKROOT = iphoneos;
				SWIFT_ACTIVE_COMPILATION_CONDITIONS = "DEBUG $(inherited)";
				SWIFT_EMIT_LOC_STRINGS = YES;
				SWIFT_OPTIMIZATION_LEVEL = "-Onone";
			};
			name = Debug;
		};
		B125C0E32DEEC1E600C9C755 /* Release */ = {
			isa = XCBuildConfiguration;
			buildSettings = {
				ALWAYS_SEARCH_USER_PATHS = NO;
				ASSETCATALOG_COMPILER_GENERATE_SWIFT_ASSET_SYMBOL_EXTENSIONS = YES;
				CLANG_ANALYZER_NONNULL = YES;
				CLANG_ANALYZER_NUMBER_OBJECT_CONVERSION = YES_AGGRESSIVE;
				CLANG_CXX_LANGUAGE_STANDARD = "gnu++20";
				CLANG_ENABLE_MODULES = YES;
				CLANG_ENABLE_OBJC_ARC = YES;
				CLANG_ENABLE_OBJC_WEAK = YES;
				CLANG_WARN_BLOCK_CAPTURE_AUTORELEASING = YES;
				CLANG_WARN_BOOL_CONVERSION = YES;
				CLANG_WARN_COMMA = YES;
				CLANG_WARN_CONSTANT_CONVERSION = YES;
				CLANG_WARN_DEPRECATED_OBJC_IMPLEMENTATIONS = YES;
				CLANG_WARN_DIRECT_OBJC_ISA_USAGE = YES_ERROR;
				CLANG_WARN_DOCUMENTATION_COMMENTS = YES;
				CLANG_WARN_EMPTY_BODY = YES;
				CLANG_WARN_ENUM_CONVERSION = YES;
				CLANG_WARN_INFINITE_RECURSION = YES;
				CLANG_WARN_INT_CONVERSION = YES;
				CLANG_WARN_NON_LITERAL_NULL_CONVERSION = YES;
				CLANG_WARN_OBJC_IMPLICIT_RETAIN_SELF = YES;
				CLANG_WARN_OBJC_LITERAL_CONVERSION = YES;
				CLANG_WARN_OBJC_ROOT_CLASS = YES_ERROR;
				CLANG_WARN_QUOTED_INCLUDE_IN_FRAMEWORK_HEADER = YES;
				CLANG_WARN_RANGE_LOOP_ANALYSIS = YES;
				CLANG_WARN_STRICT_PROTOTYPES = YES;
				CLANG_WARN_SUSPICIOUS_MOVE = YES;
				CLANG_WARN_UNGUARDED_AVAILABILITY = YES_AGGRESSIVE;
				CLANG_WARN_UNREACHABLE_CODE = YES;
				CLANG_WARN__DUPLICATE_METHOD_MATCH = YES;
				COPY_PHASE_STRIP = NO;
				DEBUG_INFORMATION_FORMAT = "dwarf-with-dsym";
				DEVELOPMENT_TEAM = 9Q2ZLM39JN;
				ENABLE_NS_ASSERTIONS = NO;
				ENABLE_STRICT_OBJC_MSGSEND = YES;
				ENABLE_USER_SCRIPT_SANDBOXING = YES;
				GCC_C_LANGUAGE_STANDARD = gnu17;
				GCC_NO_COMMON_BLOCKS = YES;
				GCC_WARN_64_TO_32_BIT_CONVERSION = YES;
				GCC_WARN_ABOUT_RETURN_TYPE = YES_ERROR;
				GCC_WARN_UNDECLARED_SELECTOR = YES;
				GCC_WARN_UNINITIALIZED_AUTOS = YES_AGGRESSIVE;
				GCC_WARN_UNUSED_FUNCTION = YES;
				GCC_WARN_UNUSED_VARIABLE = YES;
				IPHONEOS_DEPLOYMENT_TARGET = 18.5;
				LOCALIZATION_PREFERS_STRING_CATALOGS = YES;
				MTL_ENABLE_DEBUG_INFO = NO;
				MTL_FAST_MATH = YES;
				SDKROOT = iphoneos;
				SWIFT_COMPILATION_MODE = wholemodule;
				SWIFT_EMIT_LOC_STRINGS = YES;
				VALIDATE_PRODUCT = YES;
			};
			name = Release;
		};
		B125C0E52DEEC1E600C9C755 /* Debug */ = {
			isa = XCBuildConfiguration;
			buildSettings = {
				BUNDLE_LOADER = "$(TEST_HOST)";
				CODE_SIGN_STYLE = Automatic;
				CURRENT_PROJECT_VERSION = 1;
				DEVELOPMENT_TEAM = 9Q2ZLM39JN;
				GENERATE_INFOPLIST_FILE = YES;
				IPHONEOS_DEPLOYMENT_TARGET = 18.5;
				MARKETING_VERSION = 1.0;
				PRODUCT_BUNDLE_IDENTIFIER = team.nunu.myapp.SolSolTests;
				PRODUCT_NAME = "$(TARGET_NAME)";
				SWIFT_EMIT_LOC_STRINGS = NO;
				SWIFT_VERSION = 5.0;
				TARGETED_DEVICE_FAMILY = "1,2";
				TEST_HOST = "$(BUILT_PRODUCTS_DIR)/SolSol.app/$(BUNDLE_EXECUTABLE_FOLDER_PATH)/SolSol";
			};
			name = Debug;
		};
		B125C0E62DEEC1E600C9C755 /* Release */ = {
			isa = XCBuildConfiguration;
			buildSettings = {
				BUNDLE_LOADER = "$(TEST_HOST)";
				CODE_SIGN_STYLE = Automatic;
				CURRENT_PROJECT_VERSION = 1;
				DEVELOPMENT_TEAM = 9Q2ZLM39JN;
				GENERATE_INFOPLIST_FILE = YES;
				IPHONEOS_DEPLOYMENT_TARGET = 18.5;
				MARKETING_VERSION = 1.0;
				PRODUCT_BUNDLE_IDENTIFIER = team.nunu.myapp.SolSolTests;
				PRODUCT_NAME = "$(TARGET_NAME)";
				SWIFT_EMIT_LOC_STRINGS = NO;
				SWIFT_VERSION = 5.0;
				TARGETED_DEVICE_FAMILY = "1,2";
				TEST_HOST = "$(BUILT_PRODUCTS_DIR)/SolSol.app/$(BUNDLE_EXECUTABLE_FOLDER_PATH)/SolSol";
			};
			name = Release;
		};
		B125C0E82DEEC1E600C9C755 /* Debug */ = {
			isa = XCBuildConfiguration;
			buildSettings = {
				CODE_SIGN_STYLE = Automatic;
				CURRENT_PROJECT_VERSION = 1;
				DEVELOPMENT_TEAM = 9Q2ZLM39JN;
				GENERATE_INFOPLIST_FILE = YES;
				MARKETING_VERSION = 1.0;
				PRODUCT_BUNDLE_IDENTIFIER = team.nunu.myapp.SolSolUITests;
				PRODUCT_NAME = "$(TARGET_NAME)";
				SWIFT_EMIT_LOC_STRINGS = NO;
				SWIFT_VERSION = 5.0;
				TARGETED_DEVICE_FAMILY = "1,2";
				TEST_TARGET_NAME = SolSol;
			};
			name = Debug;
		};
		B125C0E92DEEC1E600C9C755 /* Release */ = {
			isa = XCBuildConfiguration;
			buildSettings = {
				CODE_SIGN_STYLE = Automatic;
				CURRENT_PROJECT_VERSION = 1;
				DEVELOPMENT_TEAM = 9Q2ZLM39JN;
				GENERATE_INFOPLIST_FILE = YES;
				MARKETING_VERSION = 1.0;
				PRODUCT_BUNDLE_IDENTIFIER = team.nunu.myapp.SolSolUITests;
				PRODUCT_NAME = "$(TARGET_NAME)";
				SWIFT_EMIT_LOC_STRINGS = NO;
				SWIFT_VERSION = 5.0;
				TARGETED_DEVICE_FAMILY = "1,2";
				TEST_TARGET_NAME = SolSol;
			};
			name = Release;
		};
/* End XCBuildConfiguration section */

/* Begin XCConfigurationList section */
		B125C0B12DEEC1E300C9C755 /* Build configuration list for PBXProject "SolSol" */ = {
			isa = XCConfigurationList;
			buildConfigurations = (
				B125C0E22DEEC1E600C9C755 /* Debug */,
				B125C0E32DEEC1E600C9C755 /* Release */,
			);
			defaultConfigurationIsVisible = 0;
			defaultConfigurationName = Release;
		};
		B125C0DF2DEEC1E600C9C755 /* Build configuration list for PBXNativeTarget "SolSol" */ = {
			isa = XCConfigurationList;
			buildConfigurations = (
				B125C0E02DEEC1E600C9C755 /* Debug */,
				B125C0E12DEEC1E600C9C755 /* Release */,
			);
			defaultConfigurationIsVisible = 0;
			defaultConfigurationName = Release;
		};
		B125C0E42DEEC1E600C9C755 /* Build configuration list for PBXNativeTarget "SolSolTests" */ = {
			isa = XCConfigurationList;
			buildConfigurations = (
				B125C0E52DEEC1E600C9C755 /* Debug */,
				B125C0E62DEEC1E600C9C755 /* Release */,
			);
			defaultConfigurationIsVisible = 0;
			defaultConfigurationName = Release;
		};
		B125C0E72DEEC1E600C9C755 /* Build configuration list for PBXNativeTarget "SolSolUITests" */ = {
			isa = XCConfigurationList;
			buildConfigurations = (
				B125C0E82DEEC1E600C9C755 /* Debug */,
				B125C0E92DEEC1E600C9C755 /* Release */,
			);
			defaultConfigurationIsVisible = 0;
			defaultConfigurationName = Release;
		};
/* End XCConfigurationList section */

/* Begin XCRemoteSwiftPackageReference section */
		B125C10C2DEEC46300C9C755 /* XCRemoteSwiftPackageReference "GRDB" */ = {
			isa = XCRemoteSwiftPackageReference;
			repositoryURL = "https://github.com/groue/GRDB.swift";
			requirement = {
				kind = exactVersion;
				version = 7.5.0;
			};
		};
		B1ABE9D42E4E34C2000F8D7C /* XCRemoteSwiftPackageReference "Factory" */ = {
			isa = XCRemoteSwiftPackageReference;
			repositoryURL = "https://github.com/hmlongco/Factory";
			requirement = {
				kind = upToNextMajorVersion;
				minimumVersion = 2.5.3;
			};
		};
		B1B8333A2E954B270005F815 /* XCRemoteSwiftPackageReference "FSCalendar" */ = {
			isa = XCRemoteSwiftPackageReference;
			repositoryURL = "https://github.com/WenchaoD/FSCalendar.git";
			requirement = {
				kind = upToNextMajorVersion;
				minimumVersion = 2.8.4;
			};
		};
		B1B84CC92E64A3F3002F8CE8 /* XCRemoteSwiftPackageReference "FlexLayout" */ = {
			isa = XCRemoteSwiftPackageReference;
			repositoryURL = "https://github.com/layoutBox/FlexLayout";
			requirement = {
				kind = upToNextMajorVersion;
				minimumVersion = 2.2.2;
			};
		};
		B1B84CCC2E64A418002F8CE8 /* XCRemoteSwiftPackageReference "PinLayout" */ = {
			isa = XCRemoteSwiftPackageReference;
			repositoryURL = "https://github.com/layoutBox/PinLayout";
			requirement = {
				kind = upToNextMajorVersion;
				minimumVersion = 1.10.6;
			};
		};
/* End XCRemoteSwiftPackageReference section */

/* Begin XCSwiftPackageProductDependency section */
		B125C10D2DEEC46300C9C755 /* GRDB */ = {
			isa = XCSwiftPackageProductDependency;
			package = B125C10C2DEEC46300C9C755 /* XCRemoteSwiftPackageReference "GRDB" */;
			productName = GRDB;
		};
		B1ABE9D52E4E34C2000F8D7C /* Factory */ = {
			isa = XCSwiftPackageProductDependency;
			package = B1ABE9D42E4E34C2000F8D7C /* XCRemoteSwiftPackageReference "Factory" */;
			productName = Factory;
		};
		B1B8333B2E954B270005F815 /* FSCalendar */ = {
			isa = XCSwiftPackageProductDependency;
			package = B1B8333A2E954B270005F815 /* XCRemoteSwiftPackageReference "FSCalendar" */;
			productName = FSCalendar;
		};
		B1B84CCA2E64A3F3002F8CE8 /* FlexLayout */ = {
			isa = XCSwiftPackageProductDependency;
			package = B1B84CC92E64A3F3002F8CE8 /* XCRemoteSwiftPackageReference "FlexLayout" */;
			productName = FlexLayout;
		};
		B1B84CCD2E64A418002F8CE8 /* PinLayout */ = {
			isa = XCSwiftPackageProductDependency;
			package = B1B84CCC2E64A418002F8CE8 /* XCRemoteSwiftPackageReference "PinLayout" */;
			productName = PinLayout;
		};
/* End XCSwiftPackageProductDependency section */
	};
	rootObject = B125C0AE2DEEC1E300C9C755 /* Project object */;
}
